
Microsoft Visual Studio Solution File, Format Version 12.00
# Visual Studio Version 17
VisualStudioVersion = 17.8.34330.188
MinimumVisualStudioVersion = 10.0.40219.1
Project("{9A19103F-16F7-4668-BE54-9A1E7A4F7556}") = "KoiOrderingSystemInJapan.Data", "KoiOrderingSystemInJapan.Data\KoiOrderingSystemInJapan.Data.csproj", "{200A22E1-932B-46FE-B3C9-937A01C2B4B8}"
EndProject
Project("{9A19103F-16F7-4668-BE54-9A1E7A4F7556}") = "KoiOrderingSystemInJapan.Service", "KoiOrderingSystemInJapan.Service\KoiOrderingSystemInJapan.Service.csproj", "{D265A522-BD39-4CD9-99DA-FABC84653C47}"
EndProject
Project("{9A19103F-16F7-4668-BE54-9A1E7A4F7556}") = "KoiOrderingSystemInJapan.Common", "KoiOrderingSystemInJapan.Common\KoiOrderingSystemInJapan.Common.csproj", "{1A5BD4B0-560A-4BC3-905A-F1A412574CC2}"
EndProject
Project("{9A19103F-16F7-4668-BE54-9A1E7A4F7556}") = "KoiOrderingSystemInJapan.APIService", "KoiOrderingSystemInJapan.APIService\KoiOrderingSystemInJapan.APIService.csproj", "{1AA6C4CF-275B-4D04-855B-41BC55F561F7}"
EndProject
Project("{9A19103F-16F7-4668-BE54-9A1E7A4F7556}") = "KoiOrderingSystemInJapan.MVCWebApp", "KoiOrderingSystemInJapan.MVCWebApp\KoiOrderingSystemInJapan.MVCWebApp.csproj", "{64EBFAA7-372E-46E6-B8B4-FBD5C9F35646}"
EndProject
Global
	GlobalSection(SolutionConfigurationPlatforms) = preSolution
		Debug|Any CPU = Debug|Any CPU
		Release|Any CPU = Release|Any CPU
	EndGlobalSection
	GlobalSection(ProjectConfigurationPlatforms) = postSolution
		{200A22E1-932B-46FE-B3C9-937A01C2B4B8}.Debug|Any CPU.ActiveCfg = Debug|Any CPU
		{200A22E1-932B-46FE-B3C9-937A01C2B4B8}.Debug|Any CPU.Build.0 = Debug|Any CPU
		{200A22E1-932B-46FE-B3C9-937A01C2B4B8}.Release|Any CPU.ActiveCfg = Release|Any CPU
		{200A22E1-932B-46FE-B3C9-937A01C2B4B8}.Release|Any CPU.Build.0 = Release|Any CPU
		{D265A522-BD39-4CD9-99DA-FABC84653C47}.Debug|Any CPU.ActiveCfg = Debug|Any CPU
		{D265A522-BD39-4CD9-99DA-FABC84653C47}.Debug|Any CPU.Build.0 = Debug|Any CPU
		{D265A522-BD39-4CD9-99DA-FABC84653C47}.Release|Any CPU.ActiveCfg = Release|Any CPU
		{D265A522-BD39-4CD9-99DA-FABC84653C47}.Release|Any CPU.Build.0 = Release|Any CPU
		{1A5BD4B0-560A-4BC3-905A-F1A412574CC2}.Debug|Any CPU.ActiveCfg = Debug|Any CPU
		{1A5BD4B0-560A-4BC3-905A-F1A412574CC2}.Debug|Any CPU.Build.0 = Debug|Any CPU
		{1A5BD4B0-560A-4BC3-905A-F1A412574CC2}.Release|Any CPU.ActiveCfg = Release|Any CPU
		{1A5BD4B0-560A-4BC3-905A-F1A412574CC2}.Release|Any CPU.Build.0 = Release|Any CPU
		{1AA6C4CF-275B-4D04-855B-41BC55F561F7}.Debug|Any CPU.ActiveCfg = Debug|Any CPU
		{1AA6C4CF-275B-4D04-855B-41BC55F561F7}.Debug|Any CPU.Build.0 = Debug|Any CPU
		{1AA6C4CF-275B-4D04-855B-41BC55F561F7}.Release|Any CPU.ActiveCfg = Release|Any CPU
		{1AA6C4CF-275B-4D04-855B-41BC55F561F7}.Release|Any CPU.Build.0 = Release|Any CPU
		{64EBFAA7-372E-46E6-B8B4-FBD5C9F35646}.Debug|Any CPU.ActiveCfg = Debug|Any CPU
		{64EBFAA7-372E-46E6-B8B4-FBD5C9F35646}.Debug|Any CPU.Build.0 = Debug|Any CPU
		{64EBFAA7-372E-46E6-B8B4-FBD5C9F35646}.Release|Any CPU.ActiveCfg = Release|Any CPU
		{64EBFAA7-372E-46E6-B8B4-FBD5C9F35646}.Release|Any CPU.Build.0 = Release|Any CPU
	EndGlobalSection
	GlobalSection(SolutionProperties) = preSolution
		HideSolutionNode = FALSE
	EndGlobalSection
	GlobalSection(ExtensibilityGlobals) = postSolution
		SolutionGuid = {4511F823-FFC2-43F7-B6F9-B0B0D09F5C2E}
	EndGlobalSection
EndGlobal
